
Microsoft Visual Studio Solution File, Format Version 12.00
# Visual Studio 15
Project("{FAE04EC0-301F-11D3-BF4B-00C04F79EFBC}") = "Assembly-CSharp", "Assembly-CSharp.csproj", "{C8E89DB6-76CA-4826-7535-209815161C1D}"
EndProject
Project("{FAE04EC0-301F-11D3-BF4B-00C04F79EFBC}") = "Assembly-CSharp-Editor", "Assembly-CSharp-Editor.csproj", "{C21E4723-1B41-855D-5AF3-1D2D5BAF4BE0}"
EndProject
Project("{FAE04EC0-301F-11D3-BF4B-00C04F79EFBC}") = "Meta.Voice.Samples.Shapes", "Meta.Voice.Samples.Shapes.csproj", "{993871BE-EF4D-272A-FC3D-3A33F4210E5E}"
EndProject
Project("{FAE04EC0-301F-11D3-BF4B-00C04F79EFBC}") = "Meta.Voice.Samples.LightTraits", "Meta.Voice.Samples.LightTraits.csproj", "{2201AFEA-08BA-DAE5-C38F-549CB0DEBF1C}"
EndProject
Project("{FAE04EC0-301F-11D3-BF4B-00C04F79EFBC}") = "Meta.Voice.Samples.ShapesConduit", "Meta.Voice.Samples.ShapesConduit.csproj", "{F2167AE6-B3CA-E39D-A5B9-FAAA13ED9A5F}"
EndProject
Project("{FAE04EC0-301F-11D3-BF4B-00C04F79EFBC}") = "Meta.Voice.Samples.BuiltInTimer", "Meta.Voice.Samples.BuiltInTimer.csproj", "{329A2049-4201-18C3-82D3-1084D1B2892A}"
EndProject
Project("{FAE04EC0-301F-11D3-BF4B-00C04F79EFBC}") = "Meta.Voice.Samples.TTSVoices", "Meta.Voice.Samples.TTSVoices.csproj", "{75A2BCFE-BB2C-51DC-11A0-A58A727396A6}"
EndProject
Project("{FAE04EC0-301F-11D3-BF4B-00C04F79EFBC}") = "Meta.Voice.Samples.Chess", "Meta.Voice.Samples.Chess.csproj", "{CEE04C4F-2C66-E8A4-9CCE-7AD2C63B7E24}"
EndProject
Project("{FAE04EC0-301F-11D3-BF4B-00C04F79EFBC}") = "Meta.XR.SDK.Audio.Samples", "Meta.XR.SDK.Audio.Samples.csproj", "{A950B8F1-1B61-1AE2-81D2-033DC264F185}"
EndProject
Project("{FAE04EC0-301F-11D3-BF4B-00C04F79EFBC}") = "Meta.Voice.Samples.LiveUnderstanding", "Meta.Voice.Samples.LiveUnderstanding.csproj", "{6B49B45E-8FA9-79FE-24AB-8FCFF6E781A9}"
EndProject
Global
	GlobalSection(SolutionConfigurationPlatforms) = preSolution
		Debug|Any CPU = Debug|Any CPU
		Release|Any CPU = Release|Any CPU
	EndGlobalSection
	GlobalSection(ProjectConfigurationPlatforms) = postSolution
		{C8E89DB6-76CA-4826-7535-209815161C1D}.Debug|Any CPU.ActiveCfg = Debug|Any CPU
		{C8E89DB6-76CA-4826-7535-209815161C1D}.Debug|Any CPU.Build.0 = Debug|Any CPU
		{C8E89DB6-76CA-4826-7535-209815161C1D}.Release|Any CPU.ActiveCfg = Release|Any CPU
		{C8E89DB6-76CA-4826-7535-209815161C1D}.Release|Any CPU.Build.0 = Release|Any CPU
		{C21E4723-1B41-855D-5AF3-1D2D5BAF4BE0}.Debug|Any CPU.ActiveCfg = Debug|Any CPU
		{C21E4723-1B41-855D-5AF3-1D2D5BAF4BE0}.Debug|Any CPU.Build.0 = Debug|Any CPU
		{C21E4723-1B41-855D-5AF3-1D2D5BAF4BE0}.Release|Any CPU.ActiveCfg = Release|Any CPU
		{C21E4723-1B41-855D-5AF3-1D2D5BAF4BE0}.Release|Any CPU.Build.0 = Release|Any CPU
		{993871BE-EF4D-272A-FC3D-3A33F4210E5E}.Debug|Any CPU.ActiveCfg = Debug|Any CPU
		{993871BE-EF4D-272A-FC3D-3A33F4210E5E}.Debug|Any CPU.Build.0 = Debug|Any CPU
		{993871BE-EF4D-272A-FC3D-3A33F4210E5E}.Release|Any CPU.ActiveCfg = Release|Any CPU
		{993871BE-EF4D-272A-FC3D-3A33F4210E5E}.Release|Any CPU.Build.0 = Release|Any CPU
		{2201AFEA-08BA-DAE5-C38F-549CB0DEBF1C}.Debug|Any CPU.ActiveCfg = Debug|Any CPU
		{2201AFEA-08BA-DAE5-C38F-549CB0DEBF1C}.Debug|Any CPU.Build.0 = Debug|Any CPU
		{2201AFEA-08BA-DAE5-C38F-549CB0DEBF1C}.Release|Any CPU.ActiveCfg = Release|Any CPU
		{2201AFEA-08BA-DAE5-C38F-549CB0DEBF1C}.Release|Any CPU.Build.0 = Release|Any CPU
		{F2167AE6-B3CA-E39D-A5B9-FAAA13ED9A5F}.Debug|Any CPU.ActiveCfg = Debug|Any CPU
		{F2167AE6-B3CA-E39D-A5B9-FAAA13ED9A5F}.Debug|Any CPU.Build.0 = Debug|Any CPU
		{F2167AE6-B3CA-E39D-A5B9-FAAA13ED9A5F}.Release|Any CPU.ActiveCfg = Release|Any CPU
		{F2167AE6-B3CA-E39D-A5B9-FAAA13ED9A5F}.Release|Any CPU.Build.0 = Release|Any CPU
		{329A2049-4201-18C3-82D3-1084D1B2892A}.Debug|Any CPU.ActiveCfg = Debug|Any CPU
		{329A2049-4201-18C3-82D3-1084D1B2892A}.Debug|Any CPU.Build.0 = Debug|Any CPU
		{329A2049-4201-18C3-82D3-1084D1B2892A}.Release|Any CPU.ActiveCfg = Release|Any CPU
		{329A2049-4201-18C3-82D3-1084D1B2892A}.Release|Any CPU.Build.0 = Release|Any CPU
		{75A2BCFE-BB2C-51DC-11A0-A58A727396A6}.Debug|Any CPU.ActiveCfg = Debug|Any CPU
		{75A2BCFE-BB2C-51DC-11A0-A58A727396A6}.Debug|Any CPU.Build.0 = Debug|Any CPU
		{75A2BCFE-BB2C-51DC-11A0-A58A727396A6}.Release|Any CPU.ActiveCfg = Release|Any CPU
		{75A2BCFE-BB2C-51DC-11A0-A58A727396A6}.Release|Any CPU.Build.0 = Release|Any CPU
		{CEE04C4F-2C66-E8A4-9CCE-7AD2C63B7E24}.Debug|Any CPU.ActiveCfg = Debug|Any CPU
		{CEE04C4F-2C66-E8A4-9CCE-7AD2C63B7E24}.Debug|Any CPU.Build.0 = Debug|Any CPU
		{CEE04C4F-2C66-E8A4-9CCE-7AD2C63B7E24}.Release|Any CPU.ActiveCfg = Release|Any CPU
		{CEE04C4F-2C66-E8A4-9CCE-7AD2C63B7E24}.Release|Any CPU.Build.0 = Release|Any CPU
		{A950B8F1-1B61-1AE2-81D2-033DC264F185}.Debug|Any CPU.ActiveCfg = Debug|Any CPU
		{A950B8F1-1B61-1AE2-81D2-033DC264F185}.Debug|Any CPU.Build.0 = Debug|Any CPU
		{A950B8F1-1B61-1AE2-81D2-033DC264F185}.Release|Any CPU.ActiveCfg = Release|Any CPU
		{A950B8F1-1B61-1AE2-81D2-033DC264F185}.Release|Any CPU.Build.0 = Release|Any CPU
		{6B49B45E-8FA9-79FE-24AB-8FCFF6E781A9}.Debug|Any CPU.ActiveCfg = Debug|Any CPU
		{6B49B45E-8FA9-79FE-24AB-8FCFF6E781A9}.Debug|Any CPU.Build.0 = Debug|Any CPU
		{6B49B45E-8FA9-79FE-24AB-8FCFF6E781A9}.Release|Any CPU.ActiveCfg = Release|Any CPU
		{6B49B45E-8FA9-79FE-24AB-8FCFF6E781A9}.Release|Any CPU.Build.0 = Release|Any CPU
	EndGlobalSection
	GlobalSection(SolutionProperties) = preSolution
		HideSolutionNode = FALSE
	EndGlobalSection
EndGlobal
